# THIS IS AN AUTOGENERATED FILE. DO NOT EDIT THIS FILE DIRECTLY.
# yarn lockfile v1


"@babel/helper-validator-identifier@^7.16.7":
  "integrity" "sha512-hsEnFemeiW4D08A5gUAZxLBTXpZ39P+a+DGDsHw1yxqyQ/jzFEnxf5uTEGp+3bzAbNOxU1paTgYS4ECU/IgfDw=="
  "resolved" "https://registry.npmmirror.com/@babel/helper-validator-identifier/download/@babel/helper-validator-identifier-7.16.7.tgz"
  "version" "7.16.7"

"@babel/parser@^7.16.4", "@babel/parser@^7.6.0", "@babel/parser@^7.9.6":
  "integrity" "sha512-sR4eaSrnM7BV7QPzGfEX5paG/6wrZM3I0HDzfIAK06ESvo9oy3xBuVBxE3MbQaKNhvg8g/ixjMWo2CGpzpHsDA=="
  "resolved" "https://registry.npmmirror.com/@babel/parser/download/@babel/parser-7.16.7.tgz"
  "version" "7.16.7"

"@babel/types@^7.6.1", "@babel/types@^7.9.6":
  "integrity" "sha512-E8HuV7FO9qLpx6OtoGfUQ2cjIYnbFwvZWYBS+87EwtdMvmUPJSwykpovFB+8insbpF0uJcpr8KMUi64XZntZcg=="
  "resolved" "https://registry.npmmirror.com/@babel/types/download/@babel/types-7.16.7.tgz"
  "version" "7.16.7"
  dependencies:
    "@babel/helper-validator-identifier" "^7.16.7"
    "to-fast-properties" "^2.0.0"

"@ctrl/tinycolor@^3.4.0":
  "integrity" "sha1-w8WuVDyJfKqcKmhjC+01W+X5mQ8="
  "resolved" "https://registry.npm.taobao.org/@ctrl/tinycolor/download/@ctrl/tinycolor-3.4.0.tgz?cache=0&sync_timestamp=1612895880147&other_urls=https%3A%2F%2Fregistry.npm.taobao.org%2F%40ctrl%2Ftinycolor%2Fdownload%2F%40ctrl%2Ftinycolor-3.4.0.tgz"
  "version" "3.4.0"

"@element-plus/icons-vue@^0.2.4":
  "integrity" "sha512-RsJNyL58rwxtsjeMy34o8txkL6UlME1stWsUlRpTac6UE9Bx9gdJvnDXbIKhOJqBLX17fBjmposdrn6VTqim2w=="
  "resolved" "https://registry.npmmirror.com/@element-plus/icons-vue/download/@element-plus/icons-vue-0.2.4.tgz"
  "version" "0.2.4"

"@emmetio/abbreviation@^2.2.2":
  "integrity" "sha1-dGdi/Z56jC6mBPWAxi48/iUOaYk="
  "resolved" "https://registry.nlark.com/@emmetio/abbreviation/download/@emmetio/abbreviation-2.2.2.tgz"
  "version" "2.2.2"
  dependencies:
    "@emmetio/scanner" "^1.0.0"

"@emmetio/css-abbreviation@^2.1.4":
  "integrity" "sha1-kDYuihEizjt29sMVeQfTAYL1P1Q="
  "resolved" "https://registry.nlark.com/@emmetio/css-abbreviation/download/@emmetio/css-abbreviation-2.1.4.tgz"
  "version" "2.1.4"
  dependencies:
    "@emmetio/scanner" "^1.0.0"

"@emmetio/scanner@^1.0.0":
  "integrity" "sha1-Blsq9iM/50dNRII+PeuJckr0K18="
  "resolved" "https://registry.nlark.com/@emmetio/scanner/download/@emmetio/scanner-1.0.0.tgz"
  "version" "1.0.0"

"@popperjs/core@^2.10.2":
  "integrity" "sha512-zrsUxjLOKAzdewIDRWy9nsV1GQsKBCWaGwsZQlCgr6/q+vjyZhFgqedLfFBuI9anTPEUT4APq9Mu0SZBTzIcGQ=="
  "resolved" "https://registry.npmmirror.com/@popperjs/core/download/@popperjs/core-2.11.0.tgz"
  "version" "2.11.0"

"@types/node@^17.0.8":
  "integrity" "sha512-YofkM6fGv4gDJq78g4j0mMuGMkZVxZDgtU0JRdx6FgiJDG+0fY0GKVolOV8WqVmEhLCXkQRjwDdKyPxJp/uucg=="
  "resolved" "https://registry.npmmirror.com/@types/node/download/@types/node-17.0.8.tgz"
  "version" "17.0.8"

"@types/three@^0.146.0":
  "integrity" "sha512-75AgysUrIvTCB054eQa2pDVFurfeFW8CrMQjpzjt3yHBfuuknoSvvsESd/3EhQxPrz9si3+P0wiDUVsWUlljfA=="
  "resolved" "https://registry.npmmirror.com/@types/three/-/three-0.146.0.tgz"
  "version" "0.146.0"
  dependencies:
    "@types/webxr" "*"

"@types/webxr@*":
  "integrity" "sha512-IUMDPSXnYIbEO2IereEFcgcqfDREOgmbGqtrMpVPpACTU6pltYLwHgVkrnYv0XhWEcjio9sYEfIEzgn3c7nDqA=="
  "resolved" "https://registry.npmmirror.com/@types/webxr/-/webxr-0.5.0.tgz"
  "version" "0.5.0"

"@vitejs/plugin-vue@^2.0.0":
  "integrity" "sha512-wtdMnGVvys9K8tg+DxowU1ytTrdVveXr3LzdhaKakysgGXyrsfaeds2cDywtvujEASjWOwWL/OgWM+qoeM8Plg=="
  "resolved" "https://registry.npmmirror.com/@vitejs/plugin-vue/download/@vitejs/plugin-vue-2.0.1.tgz"
  "version" "2.0.1"

"@volar/code-gen@0.29.8":
  "integrity" "sha512-eohLLUqPChHRPDFT5gXn4V6pr/CeTri7Ou5GI26lUvBRRAbP8p+oYfQRcbMPGeKmVkYjfVj0chsxQGx6T8PQ4Q=="
  "resolved" "https://registry.npmmirror.com/@volar/code-gen/download/@volar/code-gen-0.29.8.tgz"
  "version" "0.29.8"
  dependencies:
    "@volar/shared" "0.29.8"
    "@volar/source-map" "0.29.8"

"@volar/html2pug@0.29.8":
  "integrity" "sha512-bhSNXg8A2aD3w0B+CwmHjqCAaKtj5rORbE5C/q/UdGqptJbC6STCmi30KuRTdfPhR++Xb18Hauf3s/WCmtNAPA=="
  "resolved" "https://registry.npmmirror.com/@volar/html2pug/download/@volar/html2pug-0.29.8.tgz"
  "version" "0.29.8"
  dependencies:
    "domelementtype" "^2.2.0"
    "domhandler" "^4.2.2"
    "htmlparser2" "^7.1.2"
    "pug" "^3.0.2"

"@volar/shared@0.29.8":
  "integrity" "sha512-Y1NN6irkIukD+T0wf4p/dHWYL90sacN2e2lYoDXxRlvoYxwANnHgw0J0Rcp+yw58ElWRScdG7/YntEIuZWeJsw=="
  "resolved" "https://registry.npmmirror.com/@volar/shared/download/@volar/shared-0.29.8.tgz"
  "version" "0.29.8"
  dependencies:
    "upath" "^2.0.1"
    "vscode-jsonrpc" "^8.0.0-next.2"
    "vscode-uri" "^3.0.2"

"@volar/source-map@0.29.8":
  "integrity" "sha512-7w+UoYtnc6UQu30CgMVvx0YN4dzDgP4TIsSmUaW62AGmxU9Lxwp3Kkn/4N8efi91z8ma5Z78v/HddyJPwAC3LA=="
  "resolved" "https://registry.npmmirror.com/@volar/source-map/download/@volar/source-map-0.29.8.tgz"
  "version" "0.29.8"
  dependencies:
    "@volar/shared" "0.29.8"

"@volar/transforms@0.29.8":
  "integrity" "sha512-o2hRa8CoDwYTO1Mu5KA47+1elUnYUjDaVhCvbyKlRfd8qpHea2llotArq7B6OORSL2M9DVs1IRJ5NGURBFeZ3Q=="
  "resolved" "https://registry.npmmirror.com/@volar/transforms/download/@volar/transforms-0.29.8.tgz"
  "version" "0.29.8"
  dependencies:
    "@volar/shared" "0.29.8"
    "vscode-languageserver" "^8.0.0-next.2"

"@volar/vue-code-gen@0.29.8":
  "integrity" "sha512-E1e7P2oktNC/DzgDBditfla4s8+HlUlluZ+BtcLvEdbkl3QEjujkB0x1wxguWzXmpWgLIDPtrS3Jzll5cCOkTg=="
  "resolved" "https://registry.npmmirror.com/@volar/vue-code-gen/download/@volar/vue-code-gen-0.29.8.tgz"
  "version" "0.29.8"
  dependencies:
    "@volar/code-gen" "0.29.8"
    "@volar/shared" "0.29.8"
    "@volar/source-map" "0.29.8"
    "@vue/compiler-core" "^3.2.21"
    "@vue/compiler-dom" "^3.2.21"
    "@vue/shared" "^3.2.21"
    "upath" "^2.0.1"

"@vscode/emmet-helper@^2.8.0":
  "integrity" "sha512-dkTSL+BaBBS8gFgPm/GMOU+XfxaMyI+Fl1IUYxEi8Iv24RfHf9/q2eCpV2hs7sncLcoKWEbMYe5gv4Ppmp2Oxw=="
  "resolved" "https://registry.npmmirror.com/@vscode/emmet-helper/download/@vscode/emmet-helper-2.8.3.tgz"
  "version" "2.8.3"
  dependencies:
    "emmet" "^2.3.0"
    "jsonc-parser" "^2.3.0"
    "vscode-languageserver-textdocument" "^1.0.1"
    "vscode-languageserver-types" "^3.15.1"
    "vscode-nls" "^5.0.0"
    "vscode-uri" "^2.1.2"

"@vue/compiler-core@^3.2.21", "@vue/compiler-core@3.2.26":
  "integrity" "sha512-N5XNBobZbaASdzY9Lga2D9Lul5vdCIOXvUMd6ThcN8zgqQhPKfCV+wfAJNNJKQkSHudnYRO2gEB+lp0iN3g2Tw=="
  "resolved" "https://registry.npmmirror.com/@vue/compiler-core/download/@vue/compiler-core-3.2.26.tgz"
  "version" "3.2.26"
  dependencies:
    "@babel/parser" "^7.16.4"
    "@vue/shared" "3.2.26"
    "estree-walker" "^2.0.2"
    "source-map" "^0.6.1"

"@vue/compiler-dom@^3.2.21", "@vue/compiler-dom@3.2.26":
  "integrity" "sha512-smBfaOW6mQDxcT3p9TKT6mE22vjxjJL50GFVJiI0chXYGU/xzC05QRGrW3HHVuJrmLTLx5zBhsZ2dIATERbarg=="
  "resolved" "https://registry.npmmirror.com/@vue/compiler-dom/download/@vue/compiler-dom-3.2.26.tgz"
  "version" "3.2.26"
  dependencies:
    "@vue/compiler-core" "3.2.26"
    "@vue/shared" "3.2.26"

"@vue/compiler-sfc@3.2.26":
  "integrity" "sha512-ePpnfktV90UcLdsDQUh2JdiTuhV0Skv2iYXxfNMOK/F3Q+2BO0AulcVcfoksOpTJGmhhfosWfMyEaEf0UaWpIw=="
  "resolved" "https://registry.npmmirror.com/@vue/compiler-sfc/download/@vue/compiler-sfc-3.2.26.tgz"
  "version" "3.2.26"
  dependencies:
    "@babel/parser" "^7.16.4"
    "@vue/compiler-core" "3.2.26"
    "@vue/compiler-dom" "3.2.26"
    "@vue/compiler-ssr" "3.2.26"
    "@vue/reactivity-transform" "3.2.26"
    "@vue/shared" "3.2.26"
    "estree-walker" "^2.0.2"
    "magic-string" "^0.25.7"
    "postcss" "^8.1.10"
    "source-map" "^0.6.1"

"@vue/compiler-ssr@3.2.26":
  "integrity" "sha512-2mywLX0ODc4Zn8qBoA2PDCsLEZfpUGZcyoFRLSOjyGGK6wDy2/5kyDOWtf0S0UvtoyVq95OTSGIALjZ4k2q/ag=="
  "resolved" "https://registry.npmmirror.com/@vue/compiler-ssr/download/@vue/compiler-ssr-3.2.26.tgz"
  "version" "3.2.26"
  dependencies:
    "@vue/compiler-dom" "3.2.26"
    "@vue/shared" "3.2.26"

"@vue/devtools-api@^6.0.0-beta.11", "@vue/devtools-api@^6.0.0-beta.18":
  "integrity" "sha512-FqC4s3pm35qGVeXRGOjTsRzlkJjrBLriDS9YXbflHLsfA9FrcKzIyWnLXoNm+/7930E8rRakXuAc2QkC50swAw=="
  "resolved" "https://registry.npmmirror.com/@vue/devtools-api/download/@vue/devtools-api-6.0.0-beta.21.1.tgz"
  "version" "6.0.0-beta.21.1"

"@vue/reactivity-transform@3.2.26":
  "integrity" "sha512-XKMyuCmzNA7nvFlYhdKwD78rcnmPb7q46uoR00zkX6yZrUmcCQ5OikiwUEVbvNhL5hBJuvbSO95jB5zkUon+eQ=="
  "resolved" "https://registry.npmmirror.com/@vue/reactivity-transform/download/@vue/reactivity-transform-3.2.26.tgz"
  "version" "3.2.26"
  dependencies:
    "@babel/parser" "^7.16.4"
    "@vue/compiler-core" "3.2.26"
    "@vue/shared" "3.2.26"
    "estree-walker" "^2.0.2"
    "magic-string" "^0.25.7"

"@vue/reactivity@^3.2.21", "@vue/reactivity@3.2.26":
  "integrity" "sha512-h38bxCZLW6oFJVDlCcAiUKFnXI8xP8d+eO0pcDxx+7dQfSPje2AO6M9S9QO6MrxQB7fGP0DH0dYQ8ksf6hrXKQ=="
  "resolved" "https://registry.npmmirror.com/@vue/reactivity/download/@vue/reactivity-3.2.26.tgz"
  "version" "3.2.26"
  dependencies:
    "@vue/shared" "3.2.26"

"@vue/runtime-core@3.2.26":
  "integrity" "sha512-BcYi7qZ9Nn+CJDJrHQ6Zsmxei2hDW0L6AB4vPvUQGBm2fZyC0GXd/4nVbyA2ubmuhctD5RbYY8L+5GUJszv9mQ=="
  "resolved" "https://registry.npmmirror.com/@vue/runtime-core/download/@vue/runtime-core-3.2.26.tgz"
  "version" "3.2.26"
  dependencies:
    "@vue/reactivity" "3.2.26"
    "@vue/shared" "3.2.26"

"@vue/runtime-dom@3.2.26":
  "integrity" "sha512-dY56UIiZI+gjc4e8JQBwAifljyexfVCkIAu/WX8snh8vSOt/gMSEGwPRcl2UpYpBYeyExV8WCbgvwWRNt9cHhQ=="
  "resolved" "https://registry.npmmirror.com/@vue/runtime-dom/download/@vue/runtime-dom-3.2.26.tgz"
  "version" "3.2.26"
  dependencies:
    "@vue/runtime-core" "3.2.26"
    "@vue/shared" "3.2.26"
    "csstype" "^2.6.8"

"@vue/server-renderer@3.2.26":
  "integrity" "sha512-Jp5SggDUvvUYSBIvYEhy76t4nr1vapY/FIFloWmQzn7UxqaHrrBpbxrqPcTrSgGrcaglj0VBp22BKJNre4aA1w=="
  "resolved" "https://registry.npmmirror.com/@vue/server-renderer/download/@vue/server-renderer-3.2.26.tgz"
  "version" "3.2.26"
  dependencies:
    "@vue/compiler-ssr" "3.2.26"
    "@vue/shared" "3.2.26"

"@vue/shared@^3.2.21", "@vue/shared@3.2.26":
  "integrity" "sha512-vPV6Cq+NIWbH5pZu+V+2QHE9y1qfuTq49uNWw4f7FDEeZaDU2H2cx5jcUZOAKW7qTrUS4k6qZPbMy1x4N96nbA=="
  "resolved" "https://registry.npmmirror.com/@vue/shared/download/@vue/shared-3.2.26.tgz"
  "version" "3.2.26"

"@vueuse/core@^7.3.0":
  "integrity" "sha512-GczfdTWqH483zkUHdDYiLm0Tn51OtsQXYc+eBKKIeolh0mgn682KbSYmkrjNytaF7qGc74YxMDAYjkPBW6V2Pg=="
  "resolved" "https://registry.npmmirror.com/@vueuse/core/download/@vueuse/core-7.5.1.tgz"
  "version" "7.5.1"
  dependencies:
    "@vueuse/shared" "7.5.1"
    "vue-demi" "*"

"@vueuse/shared@7.5.1":
  "integrity" "sha512-zMQEuYJyTmr5Hj2rYgSbb4H/cSI8mdaa9dUuw20j6rPV+xLV11y7vCyIkxo31uODDr0p77FMlProKzNDiK9rAA=="
  "resolved" "https://registry.npmmirror.com/@vueuse/shared/download/@vueuse/shared-7.5.1.tgz"
  "version" "7.5.1"
  dependencies:
    "vue-demi" "*"

"acorn@^7.1.1":
  "integrity" "sha1-/q7SVZc9LndVW4PbwIhRpsY1IPo="
  "resolved" "https://registry.npmmirror.com/acorn/download/acorn-7.4.1.tgz"
  "version" "7.4.1"

"anymatch@~3.1.2":
  "integrity" "sha1-wFV8CWrzLxBhmPT04qODU343hxY="
  "resolved" "https://registry.npm.taobao.org/anymatch/download/anymatch-3.1.2.tgz"
  "version" "3.1.2"
  dependencies:
    "normalize-path" "^3.0.0"
    "picomatch" "^2.0.4"

"asap@~2.0.3":
  "integrity" "sha1-5QNHYR1+aQlDIIu9r+vLwvuGbUY="
  "resolved" "https://registry.npm.taobao.org/asap/download/asap-2.0.6.tgz"
  "version" "2.0.6"

"assert-never@^1.2.1":
  "integrity" "sha1-EfDjY78UYgX7CBk7XHuQ9NHPRP4="
  "resolved" "https://registry.npm.taobao.org/assert-never/download/assert-never-1.2.1.tgz"
  "version" "1.2.1"

"async-validator@^4.0.7":
  "integrity" "sha1-A0oP0hA6ay6/AQ2nUYO+wpkkev4="
  "resolved" "https://registry.npmmirror.com/async-validator/download/async-validator-4.0.7.tgz?cache=0&sync_timestamp=1634529574100&other_urls=https%3A%2F%2Fregistry.npmmirror.com%2Fasync-validator%2Fdownload%2Fasync-validator-4.0.7.tgz"
  "version" "4.0.7"

"axios@^0.24.0":
  "integrity" "sha512-Q6cWsys88HoPgAaFAVUb0WpPk0O8iTeisR9IMqy9G8AbO4NlpVknrnQS03zzF9PGAWgO3cgletO3VjV/P7VztA=="
  "resolved" "https://registry.npmmirror.com/axios/download/axios-0.24.0.tgz"
  "version" "0.24.0"
  dependencies:
    "follow-redirects" "^1.14.4"

"babel-walk@3.0.0-canary-5":
  "integrity" "sha1-9m7Ncpg1eu5ElV8jWm71QhkQSxE="
  "resolved" "https://registry.npm.taobao.org/babel-walk/download/babel-walk-3.0.0-canary-5.tgz"
  "version" "3.0.0-canary-5"
  dependencies:
    "@babel/types" "^7.9.6"

"binary-extensions@^2.0.0":
  "integrity" "sha1-dfUC7q+f/eQvyYgpZFvk6na9ni0="
  "resolved" "https://registry.npm.taobao.org/binary-extensions/download/binary-extensions-2.2.0.tgz?cache=0&sync_timestamp=1610299308660&other_urls=https%3A%2F%2Fregistry.npm.taobao.org%2Fbinary-extensions%2Fdownload%2Fbinary-extensions-2.2.0.tgz"
  "version" "2.2.0"

"braces@~3.0.2":
  "integrity" "sha1-NFThpGLujVmeI23zNs2epPiv4Qc="
  "resolved" "https://registry.npm.taobao.org/braces/download/braces-3.0.2.tgz"
  "version" "3.0.2"
  dependencies:
    "fill-range" "^7.0.1"

"call-bind@^1.0.2":
  "integrity" "sha1-sdTonmiBGcPJqQOtMKuy9qkZvjw="
  "resolved" "https://registry.npm.taobao.org/call-bind/download/call-bind-1.0.2.tgz"
  "version" "1.0.2"
  dependencies:
    "function-bind" "^1.1.1"
    "get-intrinsic" "^1.0.2"

"character-parser@^2.2.0":
  "integrity" "sha1-x84o821LzZdE5f/CxfzeHHMmH8A="
  "resolved" "https://registry.npmmirror.com/character-parser/download/character-parser-2.2.0.tgz"
  "version" "2.2.0"
  dependencies:
    "is-regex" "^1.0.3"

"chokidar@>=3.0.0 <4.0.0":
  "integrity" "sha512-ekGhOnNVPgT77r4K/U3GDhu+FQ2S8TnK/s2KbIGXi0SZWuwkZ2QNyfWdZW+TVfn84DpEP7rLeCt2UI6bJ8GwbQ=="
  "resolved" "https://registry.npmmirror.com/chokidar/download/chokidar-3.5.2.tgz"
  "version" "3.5.2"
  dependencies:
    "anymatch" "~3.1.2"
    "braces" "~3.0.2"
    "glob-parent" "~5.1.2"
    "is-binary-path" "~2.1.0"
    "is-glob" "~4.0.1"
    "normalize-path" "~3.0.0"
    "readdirp" "~3.6.0"
  optionalDependencies:
    "fsevents" "~2.3.2"

"constantinople@^4.0.1":
  "integrity" "sha1-De8RP6Dk3I3oMzGlz3nIsyUhMVE="
  "resolved" "https://registry.npm.taobao.org/constantinople/download/constantinople-4.0.1.tgz"
  "version" "4.0.1"
  dependencies:
    "@babel/parser" "^7.6.0"
    "@babel/types" "^7.6.1"

"csstype@^2.6.8":
  "integrity" "sha512-ZVxXaNy28/k3kJg0Fou5MiYpp88j7H9hLZp8PDC3jV0WFjfH5E9xHb56L0W59cPbKbcHXeP4qyT8PrHp8t6LcQ=="
  "resolved" "https://registry.npmmirror.com/csstype/download/csstype-2.6.19.tgz?cache=0&sync_timestamp=1637224514674&other_urls=https%3A%2F%2Fregistry.npmmirror.com%2Fcsstype%2Fdownload%2Fcsstype-2.6.19.tgz"
  "version" "2.6.19"

"dayjs@^1.10.7":
  "integrity" "sha512-P6twpd70BcPK34K26uJ1KT3wlhpuOAPoMwJzpsIWUxHZ7wpmbdZL/hQqBDfz7hGurYSa5PhzdhDHtt319hL3ig=="
  "resolved" "https://registry.npmmirror.com/dayjs/download/dayjs-1.10.7.tgz"
  "version" "1.10.7"

"doctypes@^1.1.0":
  "integrity" "sha1-6oCxBqh1OHdOijpKWv4pPeSJ4Kk="
  "resolved" "https://registry.npm.taobao.org/doctypes/download/doctypes-1.1.0.tgz"
  "version" "1.1.0"

"dom-serializer@^1.0.1":
  "integrity" "sha1-YgZDfTLO767HFhgDIwx6ILwbTZE="
  "resolved" "https://registry.nlark.com/dom-serializer/download/dom-serializer-1.3.2.tgz?cache=0&sync_timestamp=1621256830355&other_urls=https%3A%2F%2Fregistry.nlark.com%2Fdom-serializer%2Fdownload%2Fdom-serializer-1.3.2.tgz"
  "version" "1.3.2"
  dependencies:
    "domelementtype" "^2.0.1"
    "domhandler" "^4.2.0"
    "entities" "^2.0.0"

"domelementtype@^2.0.1", "domelementtype@^2.2.0":
  "integrity" "sha1-mgtsJ4LtahxzI9QiZxg9+b2LHVc="
  "resolved" "https://registry.npm.taobao.org/domelementtype/download/domelementtype-2.2.0.tgz?cache=0&sync_timestamp=1617298554829&other_urls=https%3A%2F%2Fregistry.npm.taobao.org%2Fdomelementtype%2Fdownload%2Fdomelementtype-2.2.0.tgz"
  "version" "2.2.0"

"domhandler@^4.2.0", "domhandler@^4.2.2":
  "integrity" "sha512-fC0aXNQXqKSFTr2wDNZDhsEYjCiYsDWl3D01kwt25hm1YIPyDGHvvi3rw+PLqHAl/m71MaiF7d5zvBr0p5UB2g=="
  "resolved" "https://registry.npmmirror.com/domhandler/download/domhandler-4.3.0.tgz"
  "version" "4.3.0"
  dependencies:
    "domelementtype" "^2.2.0"

"domutils@^2.8.0":
  "integrity" "sha1-RDfe9dtuLR9dbuhZvZXKfQIEgTU="
  "resolved" "https://registry.nlark.com/domutils/download/domutils-2.8.0.tgz?cache=0&sync_timestamp=1630106695284&other_urls=https%3A%2F%2Fregistry.nlark.com%2Fdomutils%2Fdownload%2Fdomutils-2.8.0.tgz"
  "version" "2.8.0"
  dependencies:
    "dom-serializer" "^1.0.1"
    "domelementtype" "^2.2.0"
    "domhandler" "^4.2.0"

"element-plus@^1.3.0-beta.1":
  "integrity" "sha512-q3vMaKElPpuSTeIF7kuDmMOE+N1YVCCIG3fshXpz6qgjnxPbgZumVM0qGfhr8DTu9JxRbBoDok49dqtX/BWn3w=="
  "resolved" "https://registry.npmmirror.com/element-plus/download/element-plus-1.3.0-beta.1.tgz"
  "version" "1.3.0-beta.1"
  dependencies:
    "@ctrl/tinycolor" "^3.4.0"
    "@element-plus/icons-vue" "^0.2.4"
    "@popperjs/core" "^2.10.2"
    "@vueuse/core" "^7.3.0"
    "async-validator" "^4.0.7"
    "dayjs" "^1.10.7"
    "lodash" "^4.17.21"
    "memoize-one" "^6.0.0"
    "normalize-wheel-es" "^1.1.1"

"emmet@^2.3.0":
  "integrity" "sha512-LcWfTamJnXIdMfLvJEC5Ld3hY5/KHXgv1L1bp6I7eEvB0ZhacHZ1kX0BYovJ8FroEsreLcq7n7kZhRMsf6jkXQ=="
  "resolved" "https://registry.npmmirror.com/emmet/download/emmet-2.3.5.tgz"
  "version" "2.3.5"
  dependencies:
    "@emmetio/abbreviation" "^2.2.2"
    "@emmetio/css-abbreviation" "^2.1.4"

"entities@^2.0.0":
  "integrity" "sha1-CY3JDruD2N/6CJ1VJWs1HTTE2lU="
  "resolved" "https://registry.nlark.com/entities/download/entities-2.2.0.tgz?cache=0&sync_timestamp=1628508126700&other_urls=https%3A%2F%2Fregistry.nlark.com%2Fentities%2Fdownload%2Fentities-2.2.0.tgz"
  "version" "2.2.0"

"entities@^3.0.1":
  "integrity" "sha1-K4h8piWF6W2zkDSC0zbBAGwwAdQ="
  "resolved" "https://registry.nlark.com/entities/download/entities-3.0.1.tgz?cache=0&sync_timestamp=1628508126700&other_urls=https%3A%2F%2Fregistry.nlark.com%2Fentities%2Fdownload%2Fentities-3.0.1.tgz"
  "version" "3.0.1"

"esbuild-windows-64@0.13.15":
  "integrity" "sha512-9aMsPRGDWCd3bGjUIKG/ZOJPKsiztlxl/Q3C1XDswO6eNX/Jtwu4M+jb6YDH9hRSUflQWX0XKAfWzgy5Wk54JQ=="
  "resolved" "https://registry.npmmirror.com/esbuild-windows-64/download/esbuild-windows-64-0.13.15.tgz"
  "version" "0.13.15"

"esbuild@^0.13.12":
  "integrity" "sha512-raCxt02HBKv8RJxE8vkTSCXGIyKHdEdGfUmiYb8wnabnaEmHzyW7DCHb5tEN0xU8ryqg5xw54mcwnYkC4x3AIw=="
  "resolved" "https://registry.npmmirror.com/esbuild/download/esbuild-0.13.15.tgz"
  "version" "0.13.15"
  optionalDependencies:
    "esbuild-android-arm64" "0.13.15"
    "esbuild-darwin-64" "0.13.15"
    "esbuild-darwin-arm64" "0.13.15"
    "esbuild-freebsd-64" "0.13.15"
    "esbuild-freebsd-arm64" "0.13.15"
    "esbuild-linux-32" "0.13.15"
    "esbuild-linux-64" "0.13.15"
    "esbuild-linux-arm" "0.13.15"
    "esbuild-linux-arm64" "0.13.15"
    "esbuild-linux-mips64le" "0.13.15"
    "esbuild-linux-ppc64le" "0.13.15"
    "esbuild-netbsd-64" "0.13.15"
    "esbuild-openbsd-64" "0.13.15"
    "esbuild-sunos-64" "0.13.15"
    "esbuild-windows-32" "0.13.15"
    "esbuild-windows-64" "0.13.15"
    "esbuild-windows-arm64" "0.13.15"

"estree-walker@^2.0.2":
  "integrity" "sha1-UvAQF4wqTBF6d1fP6UKtt9LaTKw="
  "resolved" "https://registry.npmmirror.com/estree-walker/download/estree-walker-2.0.2.tgz"
  "version" "2.0.2"

"fill-range@^7.0.1":
  "integrity" "sha1-GRmmp8df44ssfHflGYU12prN2kA="
  "resolved" "https://registry.nlark.com/fill-range/download/fill-range-7.0.1.tgz"
  "version" "7.0.1"
  dependencies:
    "to-regex-range" "^5.0.1"

"follow-redirects@^1.14.4":
  "integrity" "sha512-fhUl5EwSJbbl8AR+uYL2KQDxLkdSjZGR36xy46AO7cOMTrCMON6Sa28FmAnC2tRTDbd/Uuzz3aJBv7EBN7JH8A=="
  "resolved" "https://registry.npmmirror.com/follow-redirects/download/follow-redirects-1.14.6.tgz"
  "version" "1.14.6"

"function-bind@^1.1.1":
  "integrity" "sha1-pWiZ0+o8m6uHS7l3O3xe3pL0iV0="
  "resolved" "https://registry.npm.taobao.org/function-bind/download/function-bind-1.1.1.tgz"
  "version" "1.1.1"

"get-intrinsic@^1.0.2":
  "integrity" "sha1-FfWfN2+FXERpY5SPDSTNNje0q8Y="
  "resolved" "https://registry.npm.taobao.org/get-intrinsic/download/get-intrinsic-1.1.1.tgz"
  "version" "1.1.1"
  dependencies:
    "function-bind" "^1.1.1"
    "has" "^1.0.3"
    "has-symbols" "^1.0.1"

"glob-parent@~5.1.2":
  "integrity" "sha1-hpgyxYA0/mikCTwX3BXoNA2EAcQ="
  "resolved" "https://registry.npmmirror.com/glob-parent/download/glob-parent-5.1.2.tgz"
  "version" "5.1.2"
  dependencies:
    "is-glob" "^4.0.1"

"has-symbols@^1.0.1", "has-symbols@^1.0.2":
  "integrity" "sha1-Fl0wcMADCXUqEjakeTMeOsVvFCM="
  "resolved" "https://registry.npm.taobao.org/has-symbols/download/has-symbols-1.0.2.tgz"
  "version" "1.0.2"

"has-tostringtag@^1.0.0":
  "integrity" "sha1-fhM4GKfTlHNPlB5zw9P5KR5liyU="
  "resolved" "https://registry.nlark.com/has-tostringtag/download/has-tostringtag-1.0.0.tgz"
  "version" "1.0.0"
  dependencies:
    "has-symbols" "^1.0.2"

"has@^1.0.3":
  "integrity" "sha1-ci18v8H2qoJB8W3YFOAR4fQeh5Y="
  "resolved" "https://registry.nlark.com/has/download/has-1.0.3.tgz"
  "version" "1.0.3"
  dependencies:
    "function-bind" "^1.1.1"

"htmlparser2@^7.1.2":
  "integrity" "sha512-H7MImA4MS6cw7nbyURtLPO1Tms7C5H602LRETv95z1MxO/7CP7rDVROehUYeYBUYEON94NXXDEPmZuq+hX4sog=="
  "resolved" "https://registry.npmmirror.com/htmlparser2/download/htmlparser2-7.2.0.tgz?cache=0&sync_timestamp=1636640841489&other_urls=https%3A%2F%2Fregistry.npmmirror.com%2Fhtmlparser2%2Fdownload%2Fhtmlparser2-7.2.0.tgz"
  "version" "7.2.0"
  dependencies:
    "domelementtype" "^2.0.1"
    "domhandler" "^4.2.2"
    "domutils" "^2.8.0"
    "entities" "^3.0.1"

"immutable@^4.0.0":
  "integrity" "sha1-uG943mre82CDle+yaakUYnl+LCM="
  "resolved" "https://registry.npmmirror.com/immutable/download/immutable-4.0.0.tgz?cache=0&sync_timestamp=1633650644342&other_urls=https%3A%2F%2Fregistry.npmmirror.com%2Fimmutable%2Fdownload%2Fimmutable-4.0.0.tgz"
  "version" "4.0.0"

"is-binary-path@~2.1.0":
  "integrity" "sha1-6h9/O4DwZCNug0cPhsCcJU+0Wwk="
  "resolved" "https://registry.nlark.com/is-binary-path/download/is-binary-path-2.1.0.tgz"
  "version" "2.1.0"
  dependencies:
    "binary-extensions" "^2.0.0"

"is-core-module@^2.2.0":
  "integrity" "sha1-AyEzbD0JJeSX/Zf12VyxFKXM1Ug="
  "resolved" "https://registry.npmmirror.com/is-core-module/download/is-core-module-2.8.0.tgz"
  "version" "2.8.0"
  dependencies:
    "has" "^1.0.3"

"is-expression@^4.0.0":
  "integrity" "sha1-wzFVliq/IdCv0lUlFNZ9LsFv0qs="
  "resolved" "https://registry.npm.taobao.org/is-expression/download/is-expression-4.0.0.tgz"
  "version" "4.0.0"
  dependencies:
    "acorn" "^7.1.1"
    "object-assign" "^4.1.1"

"is-extglob@^2.1.1":
  "integrity" "sha1-qIwCU1eR8C7TfHahueqXc8gz+MI="
  "resolved" "https://registry.npm.taobao.org/is-extglob/download/is-extglob-2.1.1.tgz"
  "version" "2.1.1"

"is-glob@^4.0.1", "is-glob@~4.0.1":
  "integrity" "sha1-ZPYeQsu7LuwgcanawLKLoeZdUIQ="
  "resolved" "https://registry.npmmirror.com/is-glob/download/is-glob-4.0.3.tgz"
  "version" "4.0.3"
  dependencies:
    "is-extglob" "^2.1.1"

"is-number@^7.0.0":
  "integrity" "sha1-dTU0W4lnNNX4DE0GxQlVUnoU8Ss="
  "resolved" "https://registry.nlark.com/is-number/download/is-number-7.0.0.tgz"
  "version" "7.0.0"

"is-promise@^2.0.0":
  "integrity" "sha1-OauVnMv5p3TPB597QMeib3YxNfE="
  "resolved" "https://registry.npm.taobao.org/is-promise/download/is-promise-2.2.2.tgz"
  "version" "2.2.2"

"is-regex@^1.0.3":
  "integrity" "sha1-7vVmPNWfpMCuM5UFMj32hUuxWVg="
  "resolved" "https://registry.nlark.com/is-regex/download/is-regex-1.1.4.tgz"
  "version" "1.1.4"
  dependencies:
    "call-bind" "^1.0.2"
    "has-tostringtag" "^1.0.0"

"js-stringify@^1.0.2":
  "integrity" "sha1-Fzb939lyTyijaCrcYjCufk6Weds="
  "resolved" "https://registry.nlark.com/js-stringify/download/js-stringify-1.0.2.tgz"
  "version" "1.0.2"

"jsonc-parser@^2.3.0":
  "integrity" "sha1-WVSRULEz8u+sykj+nOHsBlmvI0I="
  "resolved" "https://registry.nlark.com/jsonc-parser/download/jsonc-parser-2.3.1.tgz"
  "version" "2.3.1"

"jsonc-parser@^3.0.0":
  "integrity" "sha1-q914VwHH5+rKip7IzwcMpRp0WiI="
  "resolved" "https://registry.nlark.com/jsonc-parser/download/jsonc-parser-3.0.0.tgz"
  "version" "3.0.0"

"jstransformer@1.0.0":
  "integrity" "sha1-7Yvwkh4vPx7U1cGkT2hwntJHIsM="
  "resolved" "https://registry.nlark.com/jstransformer/download/jstransformer-1.0.0.tgz"
  "version" "1.0.0"
  dependencies:
    "is-promise" "^2.0.0"
    "promise" "^7.0.1"

"lodash@^4.17.21":
  "integrity" "sha512-v2kDEe57lecTulaDIuNTPy3Ry4gLGJ6Z1O3vE1krgXZNrsQ+LFTGHVxVjcXPs17LhbZVGedAJv8XZ1tvj5FvSg=="
  "resolved" "https://registry.npmmirror.com/lodash/download/lodash-4.17.21.tgz"
  "version" "4.17.21"

"lru-cache@^6.0.0":
  "integrity" "sha1-bW/mVw69lqr5D8rR2vo7JWbbOpQ="
  "resolved" "https://registry.nlark.com/lru-cache/download/lru-cache-6.0.0.tgz"
  "version" "6.0.0"
  dependencies:
    "yallist" "^4.0.0"

"magic-string@^0.25.7":
  "integrity" "sha1-P0l9b9NMZpxnmNy4IfLvMfVEUFE="
  "resolved" "https://registry.nlark.com/magic-string/download/magic-string-0.25.7.tgz?cache=0&sync_timestamp=1618847046304&other_urls=https%3A%2F%2Fregistry.nlark.com%2Fmagic-string%2Fdownload%2Fmagic-string-0.25.7.tgz"
  "version" "0.25.7"
  dependencies:
    "sourcemap-codec" "^1.4.4"

"memoize-one@^6.0.0":
  "integrity" "sha1-slkbhx7YKUiu5HJ9xqvO7qyMEEU="
  "resolved" "https://registry.npmmirror.com/memoize-one/download/memoize-one-6.0.0.tgz"
  "version" "6.0.0"

"nanoid@^3.1.30":
  "integrity" "sha512-zJpuPDwOv8D2zq2WRoMe1HsfZthVewpel9CAvTfc/2mBD1uUT/agc5f7GHGWXlYkFvi1mVxe4IjvP2HNrop7nQ=="
  "resolved" "https://registry.npmmirror.com/nanoid/download/nanoid-3.1.30.tgz"
  "version" "3.1.30"

"normalize-path@^3.0.0", "normalize-path@~3.0.0":
  "integrity" "sha1-Dc1p/yOhybEf0JeDFmRKA4ghamU="
  "resolved" "https://registry.npm.taobao.org/normalize-path/download/normalize-path-3.0.0.tgz"
  "version" "3.0.0"

"normalize-wheel-es@^1.1.1":
  "integrity" "sha1-qAlttqVvlDMtiE/Y6+2ojy/HlWk="
  "resolved" "https://registry.npmmirror.com/normalize-wheel-es/download/normalize-wheel-es-1.1.1.tgz"
  "version" "1.1.1"

"object-assign@^4.1.1":
  "integrity" "sha1-IQmtx5ZYh8/AXLvUQsrIv7s2CGM="
  "resolved" "https://registry.npm.taobao.org/object-assign/download/object-assign-4.1.1.tgz"
  "version" "4.1.1"

"path-parse@^1.0.6":
  "integrity" "sha1-+8EUtgykKzDZ2vWFjkvWi77bZzU="
  "resolved" "https://registry.nlark.com/path-parse/download/path-parse-1.0.7.tgz"
  "version" "1.0.7"

"picocolors@^1.0.0":
  "integrity" "sha1-y1vcdP8/UYkiNur3nWi8RFZKuBw="
  "resolved" "https://registry.npmmirror.com/picocolors/download/picocolors-1.0.0.tgz?cache=0&sync_timestamp=1634093378416&other_urls=https%3A%2F%2Fregistry.npmmirror.com%2Fpicocolors%2Fdownload%2Fpicocolors-1.0.0.tgz"
  "version" "1.0.0"

"picomatch@^2.0.4", "picomatch@^2.2.1":
  "integrity" "sha512-JU3teHTNjmE2VCGFzuY8EXzCDVwEqB2a8fsIvwaStHhAWJEeVd1o1QD80CU6+ZdEXXSLbSsuLwJjkCBWqRQUVA=="
  "resolved" "https://registry.npmmirror.com/picomatch/download/picomatch-2.3.1.tgz"
  "version" "2.3.1"

"postcss@^8.1.10", "postcss@^8.4.5":
  "integrity" "sha512-jBDboWM8qpaqwkMwItqTQTiFikhs/67OYVvblFFTM7MrZjt6yMKd6r2kgXizEbTTljacm4NldIlZnhbjr84QYg=="
  "resolved" "https://registry.npmmirror.com/postcss/download/postcss-8.4.5.tgz"
  "version" "8.4.5"
  dependencies:
    "nanoid" "^3.1.30"
    "picocolors" "^1.0.0"
    "source-map-js" "^1.0.1"

"promise@^7.0.1":
  "integrity" "sha1-BktyYCsY+Q8pGSuLG8QY/9Hr078="
  "resolved" "https://registry.npm.taobao.org/promise/download/promise-7.3.1.tgz"
  "version" "7.3.1"
  dependencies:
    "asap" "~2.0.3"

"pug-attrs@^3.0.0":
  "integrity" "sha1-sQRR4DSBZeMfrRzCPr3dncc0fEE="
  "resolved" "https://registry.npm.taobao.org/pug-attrs/download/pug-attrs-3.0.0.tgz"
  "version" "3.0.0"
  dependencies:
    "constantinople" "^4.0.1"
    "js-stringify" "^1.0.2"
    "pug-runtime" "^3.0.0"

"pug-code-gen@^3.0.2":
  "integrity" "sha1-rRkPSUMTO/GGtguA3kgxAOEy4s4="
  "resolved" "https://registry.nlark.com/pug-code-gen/download/pug-code-gen-3.0.2.tgz"
  "version" "3.0.2"
  dependencies:
    "constantinople" "^4.0.1"
    "doctypes" "^1.1.0"
    "js-stringify" "^1.0.2"
    "pug-attrs" "^3.0.0"
    "pug-error" "^2.0.0"
    "pug-runtime" "^3.0.0"
    "void-elements" "^3.1.0"
    "with" "^7.0.0"

"pug-error@^2.0.0":
  "integrity" "sha1-XGIXPLCcNN4qLOBPF7it/sdNjKU="
  "resolved" "https://registry.npmmirror.com/pug-error/download/pug-error-2.0.0.tgz"
  "version" "2.0.0"

"pug-filters@^4.0.0":
  "integrity" "sha1-0+Sa9bqEcum3pm2YDnB86dLMm14="
  "resolved" "https://registry.npm.taobao.org/pug-filters/download/pug-filters-4.0.0.tgz"
  "version" "4.0.0"
  dependencies:
    "constantinople" "^4.0.1"
    "jstransformer" "1.0.0"
    "pug-error" "^2.0.0"
    "pug-walk" "^2.0.0"
    "resolve" "^1.15.1"

"pug-lexer@^5.0.1":
  "integrity" "sha1-rkRijFvvmxkLZlaDsojKkCS4sNU="
  "resolved" "https://registry.nlark.com/pug-lexer/download/pug-lexer-5.0.1.tgz"
  "version" "5.0.1"
  dependencies:
    "character-parser" "^2.2.0"
    "is-expression" "^4.0.0"
    "pug-error" "^2.0.0"

"pug-linker@^4.0.0":
  "integrity" "sha1-EsvAWU/Fo+Brn8Web5PBRpYqdwg="
  "resolved" "https://registry.npm.taobao.org/pug-linker/download/pug-linker-4.0.0.tgz"
  "version" "4.0.0"
  dependencies:
    "pug-error" "^2.0.0"
    "pug-walk" "^2.0.0"

"pug-load@^3.0.0":
  "integrity" "sha1-n9nNpSICsIrbEdJWgfufNL1BtmI="
  "resolved" "https://registry.npm.taobao.org/pug-load/download/pug-load-3.0.0.tgz"
  "version" "3.0.0"
  dependencies:
    "object-assign" "^4.1.1"
    "pug-walk" "^2.0.0"

"pug-parser@^6.0.0":
  "integrity" "sha1-qP3ANYY6lbLB3F6/Ts+AtOdqEmA="
  "resolved" "https://registry.nlark.com/pug-parser/download/pug-parser-6.0.0.tgz"
  "version" "6.0.0"
  dependencies:
    "pug-error" "^2.0.0"
    "token-stream" "1.0.0"

"pug-runtime@^3.0.0", "pug-runtime@^3.0.1":
  "integrity" "sha1-9jaXYgRyPzWoxfb61qzaKhkbg9c="
  "resolved" "https://registry.npm.taobao.org/pug-runtime/download/pug-runtime-3.0.1.tgz"
  "version" "3.0.1"

"pug-strip-comments@^2.0.0":
  "integrity" "sha1-+UsH/WtJVSMzD0kKf1VLT/h2MD4="
  "resolved" "https://registry.npm.taobao.org/pug-strip-comments/download/pug-strip-comments-2.0.0.tgz"
  "version" "2.0.0"
  dependencies:
    "pug-error" "^2.0.0"

"pug-walk@^2.0.0":
  "integrity" "sha1-QXqrwpIyu0SZtbUGmistKiTV9f4="
  "resolved" "https://registry.npmmirror.com/pug-walk/download/pug-walk-2.0.0.tgz"
  "version" "2.0.0"

"pug@^3.0.2":
  "integrity" "sha1-81xxBzQ0VOQ7wnrg/3bHMbeOpTU="
  "resolved" "https://registry.npm.taobao.org/pug/download/pug-3.0.2.tgz"
  "version" "3.0.2"
  dependencies:
    "pug-code-gen" "^3.0.2"
    "pug-filters" "^4.0.0"
    "pug-lexer" "^5.0.1"
    "pug-linker" "^4.0.0"
    "pug-load" "^3.0.0"
    "pug-parser" "^6.0.0"
    "pug-runtime" "^3.0.1"
    "pug-strip-comments" "^2.0.0"

"readdirp@~3.6.0":
  "integrity" "sha1-dKNwvYVxFuJFspzJc0DNQxoCpsc="
  "resolved" "https://registry.npm.taobao.org/readdirp/download/readdirp-3.6.0.tgz?cache=0&sync_timestamp=1615717369278&other_urls=https%3A%2F%2Fregistry.npm.taobao.org%2Freaddirp%2Fdownload%2Freaddirp-3.6.0.tgz"
  "version" "3.6.0"
  dependencies:
    "picomatch" "^2.2.1"

"request-light@^0.5.4":
  "integrity" "sha512-mIfRkYujBF6qQQi+uJGHFzYD2P7WwfIMyJ3/DcTtOFB3iypwIVOXmsr3RMnFwTJRVcYLLZdjkIx43E8Zn2hRng=="
  "resolved" "https://registry.npmmirror.com/request-light/download/request-light-0.5.6.tgz"
  "version" "0.5.6"

"resolve@^1.15.1", "resolve@^1.20.0":
  "integrity" "sha1-YpoBP7P3B1XW8LeTXMHCxTeLGXU="
  "resolved" "https://registry.npmmirror.com/resolve/download/resolve-1.20.0.tgz"
  "version" "1.20.0"
  dependencies:
    "is-core-module" "^2.2.0"
    "path-parse" "^1.0.6"

"rollup@^2.59.0":
  "integrity" "sha512-cJEQq2gwB0GWMD3rYImefQTSjrPYaC6s4J9pYqnstVLJ1CHa/aZNVkD4Epuvg4iLeMA4KRiq7UM7awKK6j7jcw=="
  "resolved" "https://registry.npmmirror.com/rollup/download/rollup-2.62.0.tgz"
  "version" "2.62.0"
  optionalDependencies:
    "fsevents" "~2.3.2"

"sass@*", "sass@^1.45.2":
  "integrity" "sha512-cKfs+F9AMPAFlbbTXNsbGvg3y58nV0mXA3E94jqaySKcC8Kq3/8983zVKQ0TLMUrHw7hF9Tnd3Bz9z5Xgtrl9g=="
  "resolved" "https://registry.npmmirror.com/sass/download/sass-1.45.2.tgz"
  "version" "1.45.2"
  dependencies:
    "chokidar" ">=3.0.0 <4.0.0"
    "immutable" "^4.0.0"
    "source-map-js" ">=0.6.2 <2.0.0"

"semver@^7.3.5":
  "integrity" "sha1-C2Ich5NI2JmOSw5L6Us/EuYBjvc="
  "resolved" "https://registry.npm.taobao.org/semver/download/semver-7.3.5.tgz"
  "version" "7.3.5"
  dependencies:
    "lru-cache" "^6.0.0"

"source-map-js@^1.0.1", "source-map-js@>=0.6.2 <2.0.0":
  "integrity" "sha512-4+TN2b3tqOCd/kaGRJ/sTYA0tR0mdXx26ipdolxcwtJVqEnqNYvlCAt1q3ypy4QMlYus+Zh34RNtYLoq2oQ4IA=="
  "resolved" "https://registry.npmmirror.com/source-map-js/download/source-map-js-1.0.1.tgz?cache=0&sync_timestamp=1636400772640&other_urls=https%3A%2F%2Fregistry.npmmirror.com%2Fsource-map-js%2Fdownload%2Fsource-map-js-1.0.1.tgz"
  "version" "1.0.1"

"source-map@^0.6.1":
  "integrity" "sha1-dHIq8y6WFOnCh6jQu95IteLxomM="
  "resolved" "https://registry.npm.taobao.org/source-map/download/source-map-0.6.1.tgz"
  "version" "0.6.1"

"sourcemap-codec@^1.4.4":
  "integrity" "sha1-6oBL2UhXQC5pktBaOO8a41qatMQ="
  "resolved" "https://registry.npm.taobao.org/sourcemap-codec/download/sourcemap-codec-1.4.8.tgz"
  "version" "1.4.8"

"three-css2drender@^1.0.0":
  "integrity" "sha512-redDCSBDvgxiJIm6EDT8WO5WJTVg5gUEy/vjtAgJa/zX4peEUnZ8K+mXo6v94EudbnuI5h48/hQo9NExf04ENg=="
  "resolved" "https://registry.npmmirror.com/three-css2drender/-/three-css2drender-1.0.0.tgz"
  "version" "1.0.0"

"three-obj-mtl-loader@^1.0.3":
  "integrity" "sha512-0z7BfyG6vYPY9RvxJvL4rq8PbNrF42Kn4zxeqTfeDzJN++2oKbtCQhxHs5vLULnDuCRTEyDFf5TYvO+1vnJ7KQ=="
  "resolved" "https://registry.npmmirror.com/three-obj-mtl-loader/-/three-obj-mtl-loader-1.0.3.tgz"
  "version" "1.0.3"

"three-orbit-controls@^82.1.0":
  "integrity" "sha512-hIWxGoHqIbeq0S2lA14m9VRzo7SamKKVJ9mKMT/rdh0Qa3nV5Umvhlx4zsHl0Y6jLKVZhjatJfeD/K08Tr/g4A=="
  "resolved" "https://registry.npmmirror.com/three-orbit-controls/-/three-orbit-controls-82.1.0.tgz"
  "version" "82.1.0"

"three@^0.147.0", "three@>= 0.91":
  "integrity" "sha512-LPTOslYQXFkmvceQjFTNnVVli2LaVF6C99Pv34fJypp8NbQLbTlu3KinZ0zURghS5zEehK+VQyvWuPZ/Sm8fzw=="
  "resolved" "https://registry.npmmirror.com/three/-/three-0.147.0.tgz"
  "version" "0.147.0"

"to-fast-properties@^2.0.0":
  "integrity" "sha1-3F5pjL0HkmW8c+A3doGk5Og/YW4="
  "resolved" "https://registry.nlark.com/to-fast-properties/download/to-fast-properties-2.0.0.tgz?cache=0&sync_timestamp=1628418893613&other_urls=https%3A%2F%2Fregistry.nlark.com%2Fto-fast-properties%2Fdownload%2Fto-fast-properties-2.0.0.tgz"
  "version" "2.0.0"

"to-regex-range@^5.0.1":
  "integrity" "sha1-FkjESq58jZiKMmAY7XL1tN0DkuQ="
  "resolved" "https://registry.npm.taobao.org/to-regex-range/download/to-regex-range-5.0.1.tgz"
  "version" "5.0.1"
  dependencies:
    "is-number" "^7.0.0"

"token-stream@1.0.0":
  "integrity" "sha1-zCAOqyYT9BZtJ/+a/HylbUnfbrQ="
  "resolved" "https://registry.npm.taobao.org/token-stream/download/token-stream-1.0.0.tgz"
  "version" "1.0.0"

"typescript@*", "typescript@^4.4.4":
  "integrity" "sha512-VgYs2A2QIRuGphtzFV7aQJduJ2gyfTljngLzjpfW9FoYZF6xuw1W0vW9ghCKLfcWrCFxK81CSGRAvS1pn4fIUg=="
  "resolved" "https://registry.npmmirror.com/typescript/download/typescript-4.5.4.tgz"
  "version" "4.5.4"

"upath@^2.0.1":
  "integrity" "sha1-UMc96mjW9rmQ9R0nnOYIFmXWGos="
  "resolved" "https://registry.npm.taobao.org/upath/download/upath-2.0.1.tgz"
  "version" "2.0.1"

"vite@^2.5.10", "vite@^2.7.2":
  "integrity" "sha512-KEY96ntXUid1/xJihJbgmLZx7QSC2D4Tui0FdS0Old5OokYzFclcofhtxtjDdGOk/fFpPbHv9yw88+rB93Tb8w=="
  "resolved" "https://registry.npmmirror.com/vite/download/vite-2.7.10.tgz"
  "version" "2.7.10"
  dependencies:
    "esbuild" "^0.13.12"
    "postcss" "^8.4.5"
    "resolve" "^1.20.0"
    "rollup" "^2.59.0"
  optionalDependencies:
    "fsevents" "~2.3.2"

"void-elements@^3.1.0":
  "integrity" "sha1-YU9/v42AHwu18GYfWy9XhXUOTwk="
  "resolved" "https://registry.npm.taobao.org/void-elements/download/void-elements-3.1.0.tgz"
  "version" "3.1.0"

"vscode-css-languageservice@^5.1.7":
  "integrity" "sha512-/tFOWeZBL3Oc9Zc+2MAi3rEwiXJTSZsvjB+M7nSjWLbGPUIjukUA7YzLgsBoUfR35sPJYnXWUkL56PdfIYM8GA=="
  "resolved" "https://registry.npmmirror.com/vscode-css-languageservice/download/vscode-css-languageservice-5.1.9.tgz"
  "version" "5.1.9"
  dependencies:
    "vscode-languageserver-textdocument" "^1.0.1"
    "vscode-languageserver-types" "^3.16.0"
    "vscode-nls" "^5.0.0"
    "vscode-uri" "^3.0.2"

"vscode-html-languageservice@^4.1.0":
  "integrity" "sha512-PgaToZVXJ44nFWEBuSINdDgVV6EnpC3MnXBsysR3O5TKcAfywbYeRGRy+Y4dVR7YeUgDvtb+JkJoSkaYC0mxXQ=="
  "resolved" "https://registry.npmmirror.com/vscode-html-languageservice/download/vscode-html-languageservice-4.2.1.tgz"
  "version" "4.2.1"
  dependencies:
    "vscode-languageserver-textdocument" "^1.0.1"
    "vscode-languageserver-types" "^3.16.0"
    "vscode-nls" "^5.0.0"
    "vscode-uri" "^3.0.2"

"vscode-json-languageservice@^4.1.8":
  "integrity" "sha512-IHliMEEYSY0tJjJt0ECb8ESx/nRXpoy9kN42WVQXgaqGyizFAf3jibSiezDQTrrY7f3kywXggCU+kkJEM+OLZQ=="
  "resolved" "https://registry.npmmirror.com/vscode-json-languageservice/download/vscode-json-languageservice-4.1.10.tgz"
  "version" "4.1.10"
  dependencies:
    "jsonc-parser" "^3.0.0"
    "vscode-languageserver-textdocument" "^1.0.1"
    "vscode-languageserver-types" "^3.16.0"
    "vscode-nls" "^5.0.0"
    "vscode-uri" "^3.0.2"

"vscode-jsonrpc@^8.0.0-next.2", "vscode-jsonrpc@8.0.0-next.4":
  "integrity" "sha512-i+wvza5Wd0YV/t9qhnS8I+dJdhJ1fHIhRW4f262rXXM9Mgts5VZhYrRZufGcai4y99RlbZvwaZhplQ6diRXkaA=="
  "resolved" "https://registry.npmmirror.com/vscode-jsonrpc/download/vscode-jsonrpc-8.0.0-next.4.tgz"
  "version" "8.0.0-next.4"

"vscode-languageserver-protocol@3.17.0-next.11":
  "integrity" "sha512-9FqHT7XvM6tWFsnLvRfuQA7Zh7wZZYAwA9dK85lYthA8M1aXpXEP9drXVvO/Fe03MUeJpKVf2e4/NvDaFUnttg=="
  "resolved" "https://registry.npmmirror.com/vscode-languageserver-protocol/download/vscode-languageserver-protocol-3.17.0-next.11.tgz"
  "version" "3.17.0-next.11"
  dependencies:
    "vscode-jsonrpc" "8.0.0-next.4"
    "vscode-languageserver-types" "3.17.0-next.5"

"vscode-languageserver-textdocument@^1.0.1":
  "integrity" "sha512-ynEGytvgTb6HVSUwPJIAZgiHQmPCx8bZ8w5um5Lz+q5DjP0Zj8wTFhQpyg8xaMvefDytw2+HH5yzqS+FhsR28A=="
  "resolved" "https://registry.npmmirror.com/vscode-languageserver-textdocument/download/vscode-languageserver-textdocument-1.0.3.tgz"
  "version" "1.0.3"

"vscode-languageserver-types@^3.15.1":
  "integrity" "sha1-7POT/BIexpdLLaPvsxVWRMUU4kc="
  "resolved" "https://registry.npmmirror.com/vscode-languageserver-types/download/vscode-languageserver-types-3.16.0.tgz"
  "version" "3.16.0"

"vscode-languageserver-types@^3.16.0":
  "integrity" "sha1-7POT/BIexpdLLaPvsxVWRMUU4kc="
  "resolved" "https://registry.npmmirror.com/vscode-languageserver-types/download/vscode-languageserver-types-3.16.0.tgz"
  "version" "3.16.0"

"vscode-languageserver-types@3.17.0-next.5":
  "integrity" "sha512-Zcfaw8BznhlJWB09LDR0dscXyxn9+liREqJnPF4pigeUCHwKxYapYqizwuCpMHQ/oLYiAvKwU+f28hPleYu7pA=="
  "resolved" "https://registry.npmmirror.com/vscode-languageserver-types/download/vscode-languageserver-types-3.17.0-next.5.tgz"
  "version" "3.17.0-next.5"

"vscode-languageserver@^8.0.0-next.2":
  "integrity" "sha512-3E2W0eWtGKb6QAJqspOnD0thrBRRo8IGUMV5jpDNMcMKvmtkcxMwsBh0VxdvuWaZ51PiNyR4L+B+GUvkYsyFEg=="
  "resolved" "https://registry.npmmirror.com/vscode-languageserver/download/vscode-languageserver-8.0.0-next.5.tgz"
  "version" "8.0.0-next.5"
  dependencies:
    "vscode-languageserver-protocol" "3.17.0-next.11"

"vscode-nls@^5.0.0":
  "integrity" "sha1-mfDaC9nqfNpE5WWnTFSx8rwleEA="
  "resolved" "https://registry.npm.taobao.org/vscode-nls/download/vscode-nls-5.0.0.tgz"
  "version" "5.0.0"

"vscode-pug-languageservice@0.29.8":
  "integrity" "sha512-QHYAzDSJLg7GOLxCZ12qsM0dAM0dPeMSS1t4kKfzLsfpErmZpFzkAIXbidVrNMdMffGZMtTuIlcpEyWHbx96Iw=="
  "resolved" "https://registry.npmmirror.com/vscode-pug-languageservice/download/vscode-pug-languageservice-0.29.8.tgz"
  "version" "0.29.8"
  dependencies:
    "@volar/code-gen" "0.29.8"
    "@volar/shared" "0.29.8"
    "@volar/source-map" "0.29.8"
    "@volar/transforms" "0.29.8"
    "pug-lexer" "^5.0.1"
    "pug-parser" "^6.0.0"
    "vscode-languageserver" "^8.0.0-next.2"

"vscode-typescript-languageservice@0.29.8":
  "integrity" "sha512-eecDqHk4WjEvy6VHQ6teHczppQ9yJO2wExCy7yu7WiFj35qbw0h4G6Erv46MvP3ClL8FggFzD7s1qM6vdqJUfw=="
  "resolved" "https://registry.npmmirror.com/vscode-typescript-languageservice/download/vscode-typescript-languageservice-0.29.8.tgz"
  "version" "0.29.8"
  dependencies:
    "@volar/shared" "0.29.8"
    "semver" "^7.3.5"
    "upath" "^2.0.1"
    "vscode-languageserver" "^8.0.0-next.2"
    "vscode-languageserver-textdocument" "^1.0.1"

"vscode-uri@^2.1.2":
  "integrity" "sha1-yNQN6T61evMfPHFd1lDiyiwJbxw="
  "resolved" "https://registry.npmmirror.com/vscode-uri/download/vscode-uri-2.1.2.tgz"
  "version" "2.1.2"

"vscode-uri@^3.0.2":
  "integrity" "sha512-EcswR2S8bpR7fD0YPeS7r2xXExrScVMxg4MedACaWHEtx9ftCF/qHG1xGkolzTPcEmjTavCQgbVzHUIdTMzFGA=="
  "resolved" "https://registry.npmmirror.com/vscode-uri/download/vscode-uri-3.0.3.tgz"
  "version" "3.0.3"

"vscode-vue-languageservice@0.29.8":
  "integrity" "sha512-qSJdvW5ttyGUB/8uWDKgo8vnIoFnXYlBP4Z/cn54btsRn6ZMw7IJGJU1381e7p/yGvMTLeGbugD53SghbnSa6g=="
  "resolved" "https://registry.npmmirror.com/vscode-vue-languageservice/download/vscode-vue-languageservice-0.29.8.tgz"
  "version" "0.29.8"
  dependencies:
    "@volar/code-gen" "0.29.8"
    "@volar/html2pug" "0.29.8"
    "@volar/shared" "0.29.8"
    "@volar/source-map" "0.29.8"
    "@volar/transforms" "0.29.8"
    "@volar/vue-code-gen" "0.29.8"
    "@vscode/emmet-helper" "^2.8.0"
    "@vue/reactivity" "^3.2.21"
    "@vue/shared" "^3.2.21"
    "request-light" "^0.5.4"
    "upath" "^2.0.1"
    "vscode-css-languageservice" "^5.1.7"
    "vscode-html-languageservice" "^4.1.0"
    "vscode-json-languageservice" "^4.1.8"
    "vscode-languageserver" "^8.0.0-next.2"
    "vscode-languageserver-textdocument" "^1.0.1"
    "vscode-pug-languageservice" "0.29.8"
    "vscode-typescript-languageservice" "0.29.8"

"vue-demi@*":
  "integrity" "sha1-9+GO++z/0RqwadFHLXoG4xm0F0w="
  "resolved" "https://registry.npmmirror.com/vue-demi/download/vue-demi-0.12.1.tgz"
  "version" "0.12.1"

"vue-router@^4.0.12":
  "integrity" "sha512-CPXvfqe+mZLB1kBWssssTiWg4EQERyqJZes7USiqfW9B5N2x+nHlnsM1D3b5CaJ6qgCvMmYJnz+G0iWjNCvXrg=="
  "resolved" "https://registry.npmmirror.com/vue-router/download/vue-router-4.0.12.tgz"
  "version" "4.0.12"
  dependencies:
    "@vue/devtools-api" "^6.0.0-beta.18"

"vue-tsc@^0.29.8":
  "integrity" "sha512-pT0wLRjvRuSmB+J4WJT6uuV9mO0KtSSXEAtaVXZQzyk5+DJdbLIQTbRce/TXSkfqt1l1WogO78RjtOJFiMCgfQ=="
  "resolved" "https://registry.npmmirror.com/vue-tsc/download/vue-tsc-0.29.8.tgz"
  "version" "0.29.8"
  dependencies:
    "@volar/shared" "0.29.8"
    "vscode-vue-languageservice" "0.29.8"

"vue@^2.6.0 || ^3.2.0", "vue@^3.0.0", "vue@^3.0.0-0 || ^2.6.0", "vue@^3.0.2", "vue@^3.2.0", "vue@^3.2.25", "vue@3.2.26":
  "integrity" "sha512-KD4lULmskL5cCsEkfhERVRIOEDrfEL9CwAsLYpzptOGjaGFNWo3BQ9g8MAb7RaIO71rmVOziZ/uEN/rHwcUIhg=="
  "resolved" "https://registry.npmmirror.com/vue/download/vue-3.2.26.tgz"
  "version" "3.2.26"
  dependencies:
    "@vue/compiler-dom" "3.2.26"
    "@vue/compiler-sfc" "3.2.26"
    "@vue/runtime-dom" "3.2.26"
    "@vue/server-renderer" "3.2.26"
    "@vue/shared" "3.2.26"

"vuex@^4.0.2":
  "integrity" "sha512-M6r8uxELjZIK8kTKDGgZTYX/ahzblnzC4isU1tpmEuOIIKmV+TRdc+H4s8ds2NuZ7wpUTdGRzJRtoj+lI+pc0Q=="
  "resolved" "https://registry.npmmirror.com/vuex/download/vuex-4.0.2.tgz"
  "version" "4.0.2"
  dependencies:
    "@vue/devtools-api" "^6.0.0-beta.11"

"with@^7.0.0":
  "integrity" "sha1-zO461ULSVTinp6gKrSErmChJW6w="
  "resolved" "https://registry.npm.taobao.org/with/download/with-7.0.2.tgz"
  "version" "7.0.2"
  dependencies:
    "@babel/parser" "^7.9.6"
    "@babel/types" "^7.9.6"
    "assert-never" "^1.2.1"
    "babel-walk" "3.0.0-canary-5"

"yallist@^4.0.0":
  "integrity" "sha1-m7knkNnA7/7GO+c1GeEaNQGaOnI="
  "resolved" "https://registry.npm.taobao.org/yallist/download/yallist-4.0.0.tgz"
  "version" "4.0.0"
